// !$*UTF8*$!
{
	archiveVersion = 1;
	classes = {
	};
	objectVersion = 56;
	objects = {

/* Begin PBXBuildFile section */
		4E1DE2F02A0A7FDC00CFC5E9 /* peerApp.swift in Sources */ = {isa = PBXBuildFile; fileRef = 4E1DE2EF2A0A7FDC00CFC5E9 /* peerApp.swift */; };
		4E1DE2F22A0A7FDC00CFC5E9 /* WelcomeController.swift in Sources */ = {isa = PBXBuildFile; fileRef = 4E1DE2F12A0A7FDC00CFC5E9 /* WelcomeController.swift */; };
		4E1DE2F42A0A7FDF00CFC5E9 /* Assets.xcassets in Resources */ = {isa = PBXBuildFile; fileRef = 4E1DE2F32A0A7FDF00CFC5E9 /* Assets.xcassets */; };
		4E1DE2F82A0A7FDF00CFC5E9 /* Preview Assets.xcassets in Resources */ = {isa = PBXBuildFile; fileRef = 4E1DE2F72A0A7FDF00CFC5E9 /* Preview Assets.xcassets */; };
		4E1DE3022A0A7FE100CFC5E9 /* peerTests.swift in Sources */ = {isa = PBXBuildFile; fileRef = 4E1DE3012A0A7FE100CFC5E9 /* peerTests.swift */; };
		4E1DE30C2A0A7FE200CFC5E9 /* peerUITests.swift in Sources */ = {isa = PBXBuildFile; fileRef = 4E1DE30B2A0A7FE200CFC5E9 /* peerUITests.swift */; };
		4E1DE30E2A0A7FE200CFC5E9 /* peerUITestsLaunchTests.swift in Sources */ = {isa = PBXBuildFile; fileRef = 4E1DE30D2A0A7FE200CFC5E9 /* peerUITestsLaunchTests.swift */; };
		4E1DE31D2A0A8BEE00CFC5E9 /* Color.swift in Sources */ = {isa = PBXBuildFile; fileRef = 4E1DE31C2A0A8BEE00CFC5E9 /* Color.swift */; };
		4E1DE31F2A0A96DE00CFC5E9 /* Screen.swift in Sources */ = {isa = PBXBuildFile; fileRef = 4E1DE31E2A0A96DE00CFC5E9 /* Screen.swift */; };
		4E1DE3212A0A9B6E00CFC5E9 /* OnboardingController.swift in Sources */ = {isa = PBXBuildFile; fileRef = 4E1DE3202A0A9B6E00CFC5E9 /* OnboardingController.swift */; };
		4E1DE3242A0A9C6400CFC5E9 /* ProgressBarView.swift in Sources */ = {isa = PBXBuildFile; fileRef = 4E1DE3232A0A9C6400CFC5E9 /* ProgressBarView.swift */; };
		4E1DE3272A0AC2EF00CFC5E9 /* FirstOnboardingController.swift in Sources */ = {isa = PBXBuildFile; fileRef = 4E1DE3262A0AC2EF00CFC5E9 /* FirstOnboardingController.swift */; };
		4E1DE3292A0BDBC600CFC5E9 /* SecondOnboardingController.swift in Sources */ = {isa = PBXBuildFile; fileRef = 4E1DE3282A0BDBC600CFC5E9 /* SecondOnboardingController.swift */; };
		4E1DE32C2A0BDEB300CFC5E9 /* OnboardHandler.swift in Sources */ = {isa = PBXBuildFile; fileRef = 4E1DE32B2A0BDEB300CFC5E9 /* OnboardHandler.swift */; };
		4E1DE32F2A0BDF6500CFC5E9 /* Onboarding.swift in Sources */ = {isa = PBXBuildFile; fileRef = 4E1DE32E2A0BDF6500CFC5E9 /* Onboarding.swift */; };
/* End PBXBuildFile section */

/* Begin PBXContainerItemProxy section */
		4E1DE2FE2A0A7FE100CFC5E9 /* PBXContainerItemProxy */ = {
			isa = PBXContainerItemProxy;
			containerPortal = 4E1DE2E42A0A7FDC00CFC5E9 /* Project object */;
			proxyType = 1;
			remoteGlobalIDString = 4E1DE2EB2A0A7FDC00CFC5E9;
			remoteInfo = peer;
		};
		4E1DE3082A0A7FE200CFC5E9 /* PBXContainerItemProxy */ = {
			isa = PBXContainerItemProxy;
			containerPortal = 4E1DE2E42A0A7FDC00CFC5E9 /* Project object */;
			proxyType = 1;
			remoteGlobalIDString = 4E1DE2EB2A0A7FDC00CFC5E9;
			remoteInfo = peer;
		};
/* End PBXContainerItemProxy section */

/* Begin PBXFileReference section */
		4E1DE2EC2A0A7FDC00CFC5E9 /* peer.app */ = {isa = PBXFileReference; explicitFileType = wrapper.application; includeInIndex = 0; path = peer.app; sourceTree = BUILT_PRODUCTS_DIR; };
		4E1DE2EF2A0A7FDC00CFC5E9 /* peerApp.swift */ = {isa = PBXFileReference; lastKnownFileType = sourcecode.swift; path = peerApp.swift; sourceTree = "<group>"; };
		4E1DE2F12A0A7FDC00CFC5E9 /* WelcomeController.swift */ = {isa = PBXFileReference; lastKnownFileType = sourcecode.swift; path = WelcomeController.swift; sourceTree = "<group>"; };
		4E1DE2F32A0A7FDF00CFC5E9 /* Assets.xcassets */ = {isa = PBXFileReference; lastKnownFileType = folder.assetcatalog; path = Assets.xcassets; sourceTree = "<group>"; };
		4E1DE2F52A0A7FDF00CFC5E9 /* peer.entitlements */ = {isa = PBXFileReference; lastKnownFileType = text.plist.entitlements; path = peer.entitlements; sourceTree = "<group>"; };
		4E1DE2F72A0A7FDF00CFC5E9 /* Preview Assets.xcassets */ = {isa = PBXFileReference; lastKnownFileType = folder.assetcatalog; path = "Preview Assets.xcassets"; sourceTree = "<group>"; };
		4E1DE2FD2A0A7FE100CFC5E9 /* peerTests.xctest */ = {isa = PBXFileReference; explicitFileType = wrapper.cfbundle; includeInIndex = 0; path = peerTests.xctest; sourceTree = BUILT_PRODUCTS_DIR; };
		4E1DE3012A0A7FE100CFC5E9 /* peerTests.swift */ = {isa = PBXFileReference; lastKnownFileType = sourcecode.swift; path = peerTests.swift; sourceTree = "<group>"; };
		4E1DE3072A0A7FE200CFC5E9 /* peerUITests.xctest */ = {isa = PBXFileReference; explicitFileType = wrapper.cfbundle; includeInIndex = 0; path = peerUITests.xctest; sourceTree = BUILT_PRODUCTS_DIR; };
		4E1DE30B2A0A7FE200CFC5E9 /* peerUITests.swift */ = {isa = PBXFileReference; lastKnownFileType = sourcecode.swift; path = peerUITests.swift; sourceTree = "<group>"; };
		4E1DE30D2A0A7FE200CFC5E9 /* peerUITestsLaunchTests.swift */ = {isa = PBXFileReference; lastKnownFileType = sourcecode.swift; path = peerUITestsLaunchTests.swift; sourceTree = "<group>"; };
		4E1DE31C2A0A8BEE00CFC5E9 /* Color.swift */ = {isa = PBXFileReference; lastKnownFileType = sourcecode.swift; path = Color.swift; sourceTree = "<group>"; };
		4E1DE31E2A0A96DE00CFC5E9 /* Screen.swift */ = {isa = PBXFileReference; lastKnownFileType = sourcecode.swift; path = Screen.swift; sourceTree = "<group>"; };
		4E1DE3202A0A9B6E00CFC5E9 /* OnboardingController.swift */ = {isa = PBXFileReference; lastKnownFileType = sourcecode.swift; path = OnboardingController.swift; sourceTree = "<group>"; };
		4E1DE3232A0A9C6400CFC5E9 /* ProgressBarView.swift */ = {isa = PBXFileReference; lastKnownFileType = sourcecode.swift; path = ProgressBarView.swift; sourceTree = "<group>"; };
		4E1DE3262A0AC2EF00CFC5E9 /* FirstOnboardingController.swift */ = {isa = PBXFileReference; lastKnownFileType = sourcecode.swift; path = FirstOnboardingController.swift; sourceTree = "<group>"; };
		4E1DE3282A0BDBC600CFC5E9 /* SecondOnboardingController.swift */ = {isa = PBXFileReference; lastKnownFileType = sourcecode.swift; path = SecondOnboardingController.swift; sourceTree = "<group>"; };
		4E1DE32B2A0BDEB300CFC5E9 /* OnboardHandler.swift */ = {isa = PBXFileReference; lastKnownFileType = sourcecode.swift; path = OnboardHandler.swift; sourceTree = "<group>"; };
		4E1DE32E2A0BDF6500CFC5E9 /* Onboarding.swift */ = {isa = PBXFileReference; lastKnownFileType = sourcecode.swift; path = Onboarding.swift; sourceTree = "<group>"; };
/* End PBXFileReference section */

/* Begin PBXFrameworksBuildPhase section */
		4E1DE2E92A0A7FDC00CFC5E9 /* Frameworks */ = {
			isa = PBXFrameworksBuildPhase;
			buildActionMask = 2147483647;
			files = (
			);
			runOnlyForDeploymentPostprocessing = 0;
		};
		4E1DE2FA2A0A7FE100CFC5E9 /* Frameworks */ = {
			isa = PBXFrameworksBuildPhase;
			buildActionMask = 2147483647;
			files = (
			);
			runOnlyForDeploymentPostprocessing = 0;
		};
		4E1DE3042A0A7FE200CFC5E9 /* Frameworks */ = {
			isa = PBXFrameworksBuildPhase;
			buildActionMask = 2147483647;
			files = (
			);
			runOnlyForDeploymentPostprocessing = 0;
		};
/* End PBXFrameworksBuildPhase section */

/* Begin PBXGroup section */
		4E1DE2E32A0A7FDC00CFC5E9 = {
			isa = PBXGroup;
			children = (
				4E1DE2EE2A0A7FDC00CFC5E9 /* peer */,
				4E1DE3002A0A7FE100CFC5E9 /* peerTests */,
				4E1DE30A2A0A7FE200CFC5E9 /* peerUITests */,
				4E1DE2ED2A0A7FDC00CFC5E9 /* Products */,
			);
			sourceTree = "<group>";
		};
		4E1DE2ED2A0A7FDC00CFC5E9 /* Products */ = {
			isa = PBXGroup;
			children = (
				4E1DE2EC2A0A7FDC00CFC5E9 /* peer.app */,
				4E1DE2FD2A0A7FE100CFC5E9 /* peerTests.xctest */,
				4E1DE3072A0A7FE200CFC5E9 /* peerUITests.xctest */,
			);
			name = Products;
			sourceTree = "<group>";
		};
		4E1DE2EE2A0A7FDC00CFC5E9 /* peer */ = {
			isa = PBXGroup;
			children = (
				4E1DE32D2A0BDEC900CFC5E9 /* model */,
				4E1DE32A2A0BDE9200CFC5E9 /* service */,
				4E1DE3222A0A9C5200CFC5E9 /* View */,
				4E1DE31B2A0A8BAD00CFC5E9 /* extensions */,
				4E1DE31A2A0A804D00CFC5E9 /* controller */,
				4E1DE2EF2A0A7FDC00CFC5E9 /* peerApp.swift */,
				4E1DE2F32A0A7FDF00CFC5E9 /* Assets.xcassets */,
				4E1DE2F52A0A7FDF00CFC5E9 /* peer.entitlements */,
				4E1DE2F62A0A7FDF00CFC5E9 /* Preview Content */,
			);
			path = peer;
			sourceTree = "<group>";
		};
		4E1DE2F62A0A7FDF00CFC5E9 /* Preview Content */ = {
			isa = PBXGroup;
			children = (
				4E1DE2F72A0A7FDF00CFC5E9 /* Preview Assets.xcassets */,
			);
			path = "Preview Content";
			sourceTree = "<group>";
		};
		4E1DE3002A0A7FE100CFC5E9 /* peerTests */ = {
			isa = PBXGroup;
			children = (
				4E1DE3012A0A7FE100CFC5E9 /* peerTests.swift */,
			);
			path = peerTests;
			sourceTree = "<group>";
		};
		4E1DE30A2A0A7FE200CFC5E9 /* peerUITests */ = {
			isa = PBXGroup;
			children = (
				4E1DE30B2A0A7FE200CFC5E9 /* peerUITests.swift */,
				4E1DE30D2A0A7FE200CFC5E9 /* peerUITestsLaunchTests.swift */,
			);
			path = peerUITests;
			sourceTree = "<group>";
		};
		4E1DE31A2A0A804D00CFC5E9 /* controller */ = {
			isa = PBXGroup;
			children = (
				4E1DE3252A0AC2BA00CFC5E9 /* onboarding */,
				4E1DE2F12A0A7FDC00CFC5E9 /* WelcomeController.swift */,
				4E1DE3202A0A9B6E00CFC5E9 /* OnboardingController.swift */,
			);
			path = controller;
			sourceTree = "<group>";
		};
		4E1DE31B2A0A8BAD00CFC5E9 /* extensions */ = {
			isa = PBXGroup;
			children = (
				4E1DE31C2A0A8BEE00CFC5E9 /* Color.swift */,
				4E1DE31E2A0A96DE00CFC5E9 /* Screen.swift */,
			);
			path = extensions;
			sourceTree = "<group>";
		};
		4E1DE3222A0A9C5200CFC5E9 /* View */ = {
			isa = PBXGroup;
			children = (
				4E1DE3232A0A9C6400CFC5E9 /* ProgressBarView.swift */,
			);
			path = View;
			sourceTree = "<group>";
		};
		4E1DE3252A0AC2BA00CFC5E9 /* onboarding */ = {
			isa = PBXGroup;
			children = (
				4E1DE3262A0AC2EF00CFC5E9 /* FirstOnboardingController.swift */,
				4E1DE3282A0BDBC600CFC5E9 /* SecondOnboardingController.swift */,
			);
			path = onboarding;
			sourceTree = "<group>";
		};
		4E1DE32A2A0BDE9200CFC5E9 /* service */ = {
			isa = PBXGroup;
			children = (
				4E1DE32B2A0BDEB300CFC5E9 /* OnboardHandler.swift */,
			);
			path = service;
			sourceTree = "<group>";
		};
		4E1DE32D2A0BDEC900CFC5E9 /* model */ = {
			isa = PBXGroup;
			children = (
				4E1DE32E2A0BDF6500CFC5E9 /* Onboarding.swift */,
			);
			path = model;
			sourceTree = "<group>";
		};
/* End PBXGroup section */

/* Begin PBXNativeTarget section */
		4E1DE2EB2A0A7FDC00CFC5E9 /* peer */ = {
			isa = PBXNativeTarget;
			buildConfigurationList = 4E1DE3112A0A7FE200CFC5E9 /* Build configuration list for PBXNativeTarget "peer" */;
			buildPhases = (
				4E1DE2E82A0A7FDC00CFC5E9 /* Sources */,
				4E1DE2E92A0A7FDC00CFC5E9 /* Frameworks */,
				4E1DE2EA2A0A7FDC00CFC5E9 /* Resources */,
			);
			buildRules = (
			);
			dependencies = (
			);
			name = peer;
			productName = peer;
			productReference = 4E1DE2EC2A0A7FDC00CFC5E9 /* peer.app */;
			productType = "com.apple.product-type.application";
		};
		4E1DE2FC2A0A7FE100CFC5E9 /* peerTests */ = {
			isa = PBXNativeTarget;
			buildConfigurationList = 4E1DE3142A0A7FE200CFC5E9 /* Build configuration list for PBXNativeTarget "peerTests" */;
			buildPhases = (
				4E1DE2F92A0A7FE100CFC5E9 /* Sources */,
				4E1DE2FA2A0A7FE100CFC5E9 /* Frameworks */,
				4E1DE2FB2A0A7FE100CFC5E9 /* Resources */,
			);
			buildRules = (
			);
			dependencies = (
				4E1DE2FF2A0A7FE100CFC5E9 /* PBXTargetDependency */,
			);
			name = peerTests;
			productName = peerTests;
			productReference = 4E1DE2FD2A0A7FE100CFC5E9 /* peerTests.xctest */;
			productType = "com.apple.product-type.bundle.unit-test";
		};
		4E1DE3062A0A7FE200CFC5E9 /* peerUITests */ = {
			isa = PBXNativeTarget;
			buildConfigurationList = 4E1DE3172A0A7FE200CFC5E9 /* Build configuration list for PBXNativeTarget "peerUITests" */;
			buildPhases = (
				4E1DE3032A0A7FE200CFC5E9 /* Sources */,
				4E1DE3042A0A7FE200CFC5E9 /* Frameworks */,
				4E1DE3052A0A7FE200CFC5E9 /* Resources */,
			);
			buildRules = (
			);
			dependencies = (
				4E1DE3092A0A7FE200CFC5E9 /* PBXTargetDependency */,
			);
			name = peerUITests;
			productName = peerUITests;
			productReference = 4E1DE3072A0A7FE200CFC5E9 /* peerUITests.xctest */;
			productType = "com.apple.product-type.bundle.ui-testing";
		};
/* End PBXNativeTarget section */

/* Begin PBXProject section */
		4E1DE2E42A0A7FDC00CFC5E9 /* Project object */ = {
			isa = PBXProject;
			attributes = {
				BuildIndependentTargetsInParallel = 1;
				LastSwiftUpdateCheck = 1430;
				LastUpgradeCheck = 1430;
				TargetAttributes = {
					4E1DE2EB2A0A7FDC00CFC5E9 = {
						CreatedOnToolsVersion = 14.3;
					};
					4E1DE2FC2A0A7FE100CFC5E9 = {
						CreatedOnToolsVersion = 14.3;
						TestTargetID = 4E1DE2EB2A0A7FDC00CFC5E9;
					};
					4E1DE3062A0A7FE200CFC5E9 = {
						CreatedOnToolsVersion = 14.3;
						TestTargetID = 4E1DE2EB2A0A7FDC00CFC5E9;
					};
				};
			};
			buildConfigurationList = 4E1DE2E72A0A7FDC00CFC5E9 /* Build configuration list for PBXProject "peer" */;
			compatibilityVersion = "Xcode 14.0";
			developmentRegion = en;
			hasScannedForEncodings = 0;
			knownRegions = (
				en,
				Base,
			);
			mainGroup = 4E1DE2E32A0A7FDC00CFC5E9;
			productRefGroup = 4E1DE2ED2A0A7FDC00CFC5E9 /* Products */;
			projectDirPath = "";
			projectRoot = "";
			targets = (
				4E1DE2EB2A0A7FDC00CFC5E9 /* peer */,
				4E1DE2FC2A0A7FE100CFC5E9 /* peerTests */,
				4E1DE3062A0A7FE200CFC5E9 /* peerUITests */,
			);
		};
/* End PBXProject section */

/* Begin PBXResourcesBuildPhase section */
		4E1DE2EA2A0A7FDC00CFC5E9 /* Resources */ = {
			isa = PBXResourcesBuildPhase;
			buildActionMask = 2147483647;
			files = (
				4E1DE2F82A0A7FDF00CFC5E9 /* Preview Assets.xcassets in Resources */,
				4E1DE2F42A0A7FDF00CFC5E9 /* Assets.xcassets in Resources */,
			);
			runOnlyForDeploymentPostprocessing = 0;
		};
		4E1DE2FB2A0A7FE100CFC5E9 /* Resources */ = {
			isa = PBXResourcesBuildPhase;
			buildActionMask = 2147483647;
			files = (
			);
			runOnlyForDeploymentPostprocessing = 0;
		};
		4E1DE3052A0A7FE200CFC5E9 /* Resources */ = {
			isa = PBXResourcesBuildPhase;
			buildActionMask = 2147483647;
			files = (
			);
			runOnlyForDeploymentPostprocessing = 0;
		};
/* End PBXResourcesBuildPhase section */

/* Begin PBXSourcesBuildPhase section */
		4E1DE2E82A0A7FDC00CFC5E9 /* Sources */ = {
			isa = PBXSourcesBuildPhase;
			buildActionMask = 2147483647;
			files = (
				4E1DE2F22A0A7FDC00CFC5E9 /* WelcomeController.swift in Sources */,
				4E1DE3242A0A9C6400CFC5E9 /* ProgressBarView.swift in Sources */,
				4E1DE32F2A0BDF6500CFC5E9 /* Onboarding.swift in Sources */,
				4E1DE2F02A0A7FDC00CFC5E9 /* peerApp.swift in Sources */,
				4E1DE31D2A0A8BEE00CFC5E9 /* Color.swift in Sources */,
				4E1DE3292A0BDBC600CFC5E9 /* SecondOnboardingController.swift in Sources */,
				4E1DE3272A0AC2EF00CFC5E9 /* FirstOnboardingController.swift in Sources */,
				4E1DE31F2A0A96DE00CFC5E9 /* Screen.swift in Sources */,
				4E1DE32C2A0BDEB300CFC5E9 /* OnboardHandler.swift in Sources */,
				4E1DE3212A0A9B6E00CFC5E9 /* OnboardingController.swift in Sources */,
			);
			runOnlyForDeploymentPostprocessing = 0;
		};
		4E1DE2F92A0A7FE100CFC5E9 /* Sources */ = {
			isa = PBXSourcesBuildPhase;
			buildActionMask = 2147483647;
			files = (
				4E1DE3022A0A7FE100CFC5E9 /* peerTests.swift in Sources */,
			);
			runOnlyForDeploymentPostprocessing = 0;
		};
		4E1DE3032A0A7FE200CFC5E9 /* Sources */ = {
			isa = PBXSourcesBuildPhase;
			buildActionMask = 2147483647;
			files = (
				4E1DE30E2A0A7FE200CFC5E9 /* peerUITestsLaunchTests.swift in Sources */,
				4E1DE30C2A0A7FE200CFC5E9 /* peerUITests.swift in Sources */,
			);
			runOnlyForDeploymentPostprocessing = 0;
		};
/* End PBXSourcesBuildPhase section */

/* Begin PBXTargetDependency section */
		4E1DE2FF2A0A7FE100CFC5E9 /* PBXTargetDependency */ = {
			isa = PBXTargetDependency;
			target = 4E1DE2EB2A0A7FDC00CFC5E9 /* peer */;
			targetProxy = 4E1DE2FE2A0A7FE100CFC5E9 /* PBXContainerItemProxy */;
		};
		4E1DE3092A0A7FE200CFC5E9 /* PBXTargetDependency */ = {
			isa = PBXTargetDependency;
			target = 4E1DE2EB2A0A7FDC00CFC5E9 /* peer */;
			targetProxy = 4E1DE3082A0A7FE200CFC5E9 /* PBXContainerItemProxy */;
		};
/* End PBXTargetDependency section */

/* Begin XCBuildConfiguration section */
		4E1DE30F2A0A7FE200CFC5E9 /* Debug */ = {
			isa = XCBuildConfiguration;
			buildSettings = {
				ALWAYS_SEARCH_USER_PATHS = NO;
				CLANG_ANALYZER_NONNULL = YES;
				CLANG_ANALYZER_NUMBER_OBJECT_CONVERSION = YES_AGGRESSIVE;
				CLANG_CXX_LANGUAGE_STANDARD = "gnu++20";
				CLANG_ENABLE_MODULES = YES;
				CLANG_ENABLE_OBJC_ARC = YES;
				CLANG_ENABLE_OBJC_WEAK = YES;
				CLANG_WARN_BLOCK_CAPTURE_AUTORELEASING = YES;
				CLANG_WARN_BOOL_CONVERSION = YES;
				CLANG_WARN_COMMA = YES;
				CLANG_WARN_CONSTANT_CONVERSION = YES;
				CLANG_WARN_DEPRECATED_OBJC_IMPLEMENTATIONS = YES;
				CLANG_WARN_DIRECT_OBJC_ISA_USAGE = YES_ERROR;
				CLANG_WARN_DOCUMENTATION_COMMENTS = YES;
				CLANG_WARN_EMPTY_BODY = YES;
				CLANG_WARN_ENUM_CONVERSION = YES;
				CLANG_WARN_INFINITE_RECURSION = YES;
				CLANG_WARN_INT_CONVERSION = YES;
				CLANG_WARN_NON_LITERAL_NULL_CONVERSION = YES;
				CLANG_WARN_OBJC_IMPLICIT_RETAIN_SELF = YES;
				CLANG_WARN_OBJC_LITERAL_CONVERSION = YES;
				CLANG_WARN_OBJC_ROOT_CLASS = YES_ERROR;
				CLANG_WARN_QUOTED_INCLUDE_IN_FRAMEWORK_HEADER = YES;
				CLANG_WARN_RANGE_LOOP_ANALYSIS = YES;
				CLANG_WARN_STRICT_PROTOTYPES = YES;
				CLANG_WARN_SUSPICIOUS_MOVE = YES;
				CLANG_WARN_UNGUARDED_AVAILABILITY = YES_AGGRESSIVE;
				CLANG_WARN_UNREACHABLE_CODE = YES;
				CLANG_WARN__DUPLICATE_METHOD_MATCH = YES;
				COPY_PHASE_STRIP = NO;
				DEBUG_INFORMATION_FORMAT = dwarf;
				ENABLE_STRICT_OBJC_MSGSEND = YES;
				ENABLE_TESTABILITY = YES;
				GCC_C_LANGUAGE_STANDARD = gnu11;
				GCC_DYNAMIC_NO_PIC = NO;
				GCC_NO_COMMON_BLOCKS = YES;
				GCC_OPTIMIZATION_LEVEL = 0;
				GCC_PREPROCESSOR_DEFINITIONS = (
					"DEBUG=1",
					"$(inherited)",
				);
				GCC_WARN_64_TO_32_BIT_CONVERSION = YES;
				GCC_WARN_ABOUT_RETURN_TYPE = YES_ERROR;
				GCC_WARN_UNDECLARED_SELECTOR = YES;
				GCC_WARN_UNINITIALIZED_AUTOS = YES_AGGRESSIVE;
				GCC_WARN_UNUSED_FUNCTION = YES;
				GCC_WARN_UNUSED_VARIABLE = YES;
				MTL_ENABLE_DEBUG_INFO = INCLUDE_SOURCE;
				MTL_FAST_MATH = YES;
				ONLY_ACTIVE_ARCH = YES;
				SWIFT_ACTIVE_COMPILATION_CONDITIONS = DEBUG;
				SWIFT_OPTIMIZATION_LEVEL = "-Onone";
			};
			name = Debug;
		};
		4E1DE3102A0A7FE200CFC5E9 /* Release */ = {
			isa = XCBuildConfiguration;
			buildSettings = {
				ALWAYS_SEARCH_USER_PATHS = NO;
				CLANG_ANALYZER_NONNULL = YES;
				CLANG_ANALYZER_NUMBER_OBJECT_CONVERSION = YES_AGGRESSIVE;
				CLANG_CXX_LANGUAGE_STANDARD = "gnu++20";
				CLANG_ENABLE_MODULES = YES;
				CLANG_ENABLE_OBJC_ARC = YES;
				CLANG_ENABLE_OBJC_WEAK = YES;
				CLANG_WARN_BLOCK_CAPTURE_AUTORELEASING = YES;
				CLANG_WARN_BOOL_CONVERSION = YES;
				CLANG_WARN_COMMA = YES;
				CLANG_WARN_CONSTANT_CONVERSION = YES;
				CLANG_WARN_DEPRECATED_OBJC_IMPLEMENTATIONS = YES;
				CLANG_WARN_DIRECT_OBJC_ISA_USAGE = YES_ERROR;
				CLANG_WARN_DOCUMENTATION_COMMENTS = YES;
				CLANG_WARN_EMPTY_BODY = YES;
				CLANG_WARN_ENUM_CONVERSION = YES;
				CLANG_WARN_INFINITE_RECURSION = YES;
				CLANG_WARN_INT_CONVERSION = YES;
				CLANG_WARN_NON_LITERAL_NULL_CONVERSION = YES;
				CLANG_WARN_OBJC_IMPLICIT_RETAIN_SELF = YES;
				CLANG_WARN_OBJC_LITERAL_CONVERSION = YES;
				CLANG_WARN_OBJC_ROOT_CLASS = YES_ERROR;
				CLANG_WARN_QUOTED_INCLUDE_IN_FRAMEWORK_HEADER = YES;
				CLANG_WARN_RANGE_LOOP_ANALYSIS = YES;
				CLANG_WARN_STRICT_PROTOTYPES = YES;
				CLANG_WARN_SUSPICIOUS_MOVE = YES;
				CLANG_WARN_UNGUARDED_AVAILABILITY = YES_AGGRESSIVE;
				CLANG_WARN_UNREACHABLE_CODE = YES;
				CLANG_WARN__DUPLICATE_METHOD_MATCH = YES;
				COPY_PHASE_STRIP = NO;
				DEBUG_INFORMATION_FORMAT = "dwarf-with-dsym";
				ENABLE_NS_ASSERTIONS = NO;
				ENABLE_STRICT_OBJC_MSGSEND = YES;
				GCC_C_LANGUAGE_STANDARD = gnu11;
				GCC_NO_COMMON_BLOCKS = YES;
				GCC_WARN_64_TO_32_BIT_CONVERSION = YES;
				GCC_WARN_ABOUT_RETURN_TYPE = YES_ERROR;
				GCC_WARN_UNDECLARED_SELECTOR = YES;
				GCC_WARN_UNINITIALIZED_AUTOS = YES_AGGRESSIVE;
				GCC_WARN_UNUSED_FUNCTION = YES;
				GCC_WARN_UNUSED_VARIABLE = YES;
				MTL_ENABLE_DEBUG_INFO = NO;
				MTL_FAST_MATH = YES;
				SWIFT_COMPILATION_MODE = wholemodule;
				SWIFT_OPTIMIZATION_LEVEL = "-O";
			};
			name = Release;
		};
		4E1DE3122A0A7FE200CFC5E9 /* Debug */ = {
			isa = XCBuildConfiguration;
			buildSettings = {
				ASSETCATALOG_COMPILER_APPICON_NAME = AppIcon;
				ASSETCATALOG_COMPILER_GLOBAL_ACCENT_COLOR_NAME = AccentColor;
				CODE_SIGN_ENTITLEMENTS = peer/peer.entitlements;
				CODE_SIGN_STYLE = Automatic;
				CURRENT_PROJECT_VERSION = 1;
				DEVELOPMENT_ASSET_PATHS = "\"peer/Preview Content\"";
				ENABLE_PREVIEWS = YES;
				GENERATE_INFOPLIST_FILE = YES;
				"INFOPLIST_KEY_UIApplicationSceneManifest_Generation[sdk=iphoneos*]" = YES;
				"INFOPLIST_KEY_UIApplicationSceneManifest_Generation[sdk=iphonesimulator*]" = YES;
				"INFOPLIST_KEY_UIApplicationSupportsIndirectInputEvents[sdk=iphoneos*]" = YES;
				"INFOPLIST_KEY_UIApplicationSupportsIndirectInputEvents[sdk=iphonesimulator*]" = YES;
				"INFOPLIST_KEY_UILaunchScreen_Generation[sdk=iphoneos*]" = YES;
				"INFOPLIST_KEY_UILaunchScreen_Generation[sdk=iphonesimulator*]" = YES;
				"INFOPLIST_KEY_UIStatusBarStyle[sdk=iphoneos*]" = UIStatusBarStyleDefault;
				"INFOPLIST_KEY_UIStatusBarStyle[sdk=iphonesimulator*]" = UIStatusBarStyleDefault;
				INFOPLIST_KEY_UISupportedInterfaceOrientations_iPad = "UIInterfaceOrientationPortrait UIInterfaceOrientationPortraitUpsideDown UIInterfaceOrientationLandscapeLeft UIInterfaceOrientationLandscapeRight";
				INFOPLIST_KEY_UISupportedInterfaceOrientations_iPhone = "UIInterfaceOrientationPortrait UIInterfaceOrientationLandscapeLeft UIInterfaceOrientationLandscapeRight";
				IPHONEOS_DEPLOYMENT_TARGET = 16.4;
				LD_RUNPATH_SEARCH_PATHS = "@executable_path/Frameworks";
				"LD_RUNPATH_SEARCH_PATHS[sdk=macosx*]" = "@executable_path/../Frameworks";
				MACOSX_DEPLOYMENT_TARGET = 13.3;
				MARKETING_VERSION = 1.0;
				PRODUCT_BUNDLE_IDENTIFIER = com.highrise.peer;
				PRODUCT_NAME = "$(TARGET_NAME)";
				SDKROOT = auto;
				SUPPORTED_PLATFORMS = "iphoneos iphonesimulator macosx";
				SWIFT_EMIT_LOC_STRINGS = YES;
				SWIFT_VERSION = 5.0;
				TARGETED_DEVICE_FAMILY = "1,2";
			};
			name = Debug;
		};
		4E1DE3132A0A7FE200CFC5E9 /* Release */ = {
			isa = XCBuildConfiguration;
			buildSettings = {
				ASSETCATALOG_COMPILER_APPICON_NAME = AppIcon;
				ASSETCATALOG_COMPILER_GLOBAL_ACCENT_COLOR_NAME = AccentColor;
				CODE_SIGN_ENTITLEMENTS = peer/peer.entitlements;
				CODE_SIGN_STYLE = Automatic;
				CURRENT_PROJECT_VERSION = 1;
				DEVELOPMENT_ASSET_PATHS = "\"peer/Preview Content\"";
				ENABLE_PREVIEWS = YES;
				GENERATE_INFOPLIST_FILE = YES;
				"INFOPLIST_KEY_UIApplicationSceneManifest_Generation[sdk=iphoneos*]" = YES;
				"INFOPLIST_KEY_UIApplicationSceneManifest_Generation[sdk=iphonesimulator*]" = YES;
				"INFOPLIST_KEY_UIApplicationSupportsIndirectInputEvents[sdk=iphoneos*]" = YES;
				"INFOPLIST_KEY_UIApplicationSupportsIndirectInputEvents[sdk=iphonesimulator*]" = YES;
				"INFOPLIST_KEY_UILaunchScreen_Generation[sdk=iphoneos*]" = YES;
				"INFOPLIST_KEY_UILaunchScreen_Generation[sdk=iphonesimulator*]" = YES;
				"INFOPLIST_KEY_UIStatusBarStyle[sdk=iphoneos*]" = UIStatusBarStyleDefault;
				"INFOPLIST_KEY_UIStatusBarStyle[sdk=iphonesimulator*]" = UIStatusBarStyleDefault;
				INFOPLIST_KEY_UISupportedInterfaceOrientations_iPad = "UIInterfaceOrientationPortrait UIInterfaceOrientationPortraitUpsideDown UIInterfaceOrientationLandscapeLeft UIInterfaceOrientationLandscapeRight";
				INFOPLIST_KEY_UISupportedInterfaceOrientations_iPhone = "UIInterfaceOrientationPortrait UIInterfaceOrientationLandscapeLeft UIInterfaceOrientationLandscapeRight";
				IPHONEOS_DEPLOYMENT_TARGET = 16.4;
				LD_RUNPATH_SEARCH_PATHS = "@executable_path/Frameworks";
				"LD_RUNPATH_SEARCH_PATHS[sdk=macosx*]" = "@executable_path/../Frameworks";
				MACOSX_DEPLOYMENT_TARGET = 13.3;
				MARKETING_VERSION = 1.0;
				PRODUCT_BUNDLE_IDENTIFIER = com.highrise.peer;
				PRODUCT_NAME = "$(TARGET_NAME)";
				SDKROOT = auto;
				SUPPORTED_PLATFORMS = "iphoneos iphonesimulator macosx";
				SWIFT_EMIT_LOC_STRINGS = YES;
				SWIFT_VERSION = 5.0;
				TARGETED_DEVICE_FAMILY = "1,2";
			};
			name = Release;
		};
		4E1DE3152A0A7FE200CFC5E9 /* Debug */ = {
			isa = XCBuildConfiguration;
			buildSettings = {
				ALWAYS_EMBED_SWIFT_STANDARD_LIBRARIES = YES;
				BUNDLE_LOADER = "$(TEST_HOST)";
				CODE_SIGN_STYLE = Automatic;
				CURRENT_PROJECT_VERSION = 1;
				GENERATE_INFOPLIST_FILE = YES;
				IPHONEOS_DEPLOYMENT_TARGET = 16.4;
				MACOSX_DEPLOYMENT_TARGET = 13.3;
				MARKETING_VERSION = 1.0;
				PRODUCT_BUNDLE_IDENTIFIER = com.highrise.peerTests;
				PRODUCT_NAME = "$(TARGET_NAME)";
				SDKROOT = auto;
				SUPPORTED_PLATFORMS = "iphoneos iphonesimulator macosx";
				SWIFT_EMIT_LOC_STRINGS = NO;
				SWIFT_VERSION = 5.0;
				TARGETED_DEVICE_FAMILY = "1,2";
				TEST_HOST = "$(BUILT_PRODUCTS_DIR)/peer.app/$(BUNDLE_EXECUTABLE_FOLDER_PATH)/peer";
			};
			name = Debug;
		};
		4E1DE3162A0A7FE200CFC5E9 /* Release */ = {
			isa = XCBuildConfiguration;
			buildSettings = {
				ALWAYS_EMBED_SWIFT_STANDARD_LIBRARIES = YES;
				BUNDLE_LOADER = "$(TEST_HOST)";
				CODE_SIGN_STYLE = Automatic;
				CURRENT_PROJECT_VERSION = 1;
				GENERATE_INFOPLIST_FILE = YES;
				IPHONEOS_DEPLOYMENT_TARGET = 16.4;
				MACOSX_DEPLOYMENT_TARGET = 13.3;
				MARKETING_VERSION = 1.0;
				PRODUCT_BUNDLE_IDENTIFIER = com.highrise.peerTests;
				PRODUCT_NAME = "$(TARGET_NAME)";
				SDKROOT = auto;
				SUPPORTED_PLATFORMS = "iphoneos iphonesimulator macosx";
				SWIFT_EMIT_LOC_STRINGS = NO;
				SWIFT_VERSION = 5.0;
				TARGETED_DEVICE_FAMILY = "1,2";
				TEST_HOST = "$(BUILT_PRODUCTS_DIR)/peer.app/$(BUNDLE_EXECUTABLE_FOLDER_PATH)/peer";
			};
			name = Release;
		};
		4E1DE3182A0A7FE200CFC5E9 /* Debug */ = {
			isa = XCBuildConfiguration;
			buildSettings = {
				ALWAYS_EMBED_SWIFT_STANDARD_LIBRARIES = YES;
				CODE_SIGN_STYLE = Automatic;
				CURRENT_PROJECT_VERSION = 1;
				GENERATE_INFOPLIST_FILE = YES;
				IPHONEOS_DEPLOYMENT_TARGET = 16.4;
				MACOSX_DEPLOYMENT_TARGET = 13.3;
				MARKETING_VERSION = 1.0;
				PRODUCT_BUNDLE_IDENTIFIER = com.highrise.peerUITests;
				PRODUCT_NAME = "$(TARGET_NAME)";
				SDKROOT = auto;
				SUPPORTED_PLATFORMS = "iphoneos iphonesimulator macosx";
				SWIFT_EMIT_LOC_STRINGS = NO;
				SWIFT_VERSION = 5.0;
				TARGETED_DEVICE_FAMILY = "1,2";
				TEST_TARGET_NAME = peer;
			};
			name = Debug;
		};
		4E1DE3192A0A7FE200CFC5E9 /* Release */ = {
			isa = XCBuildConfiguration;
			buildSettings = {
				ALWAYS_EMBED_SWIFT_STANDARD_LIBRARIES = YES;
				CODE_SIGN_STYLE = Automatic;
				CURRENT_PROJECT_VERSION = 1;
				GENERATE_INFOPLIST_FILE = YES;
				IPHONEOS_DEPLOYMENT_TARGET = 16.4;
				MACOSX_DEPLOYMENT_TARGET = 13.3;
				MARKETING_VERSION = 1.0;
				PRODUCT_BUNDLE_IDENTIFIER = com.highrise.peerUITests;
				PRODUCT_NAME = "$(TARGET_NAME)";
				SDKROOT = auto;
				SUPPORTED_PLATFORMS = "iphoneos iphonesimulator macosx";
				SWIFT_EMIT_LOC_STRINGS = NO;
				SWIFT_VERSION = 5.0;
				TARGETED_DEVICE_FAMILY = "1,2";
				TEST_TARGET_NAME = peer;
			};
			name = Release;
		};
/* End XCBuildConfiguration section */

/* Begin XCConfigurationList section */
		4E1DE2E72A0A7FDC00CFC5E9 /* Build configuration list for PBXProject "peer" */ = {
			isa = XCConfigurationList;
			buildConfigurations = (
				4E1DE30F2A0A7FE200CFC5E9 /* Debug */,
				4E1DE3102A0A7FE200CFC5E9 /* Release */,
			);
			defaultConfigurationIsVisible = 0;
			defaultConfigurationName = Release;
		};
		4E1DE3112A0A7FE200CFC5E9 /* Build configuration list for PBXNativeTarget "peer" */ = {
			isa = XCConfigurationList;
			buildConfigurations = (
				4E1DE3122A0A7FE200CFC5E9 /* Debug */,
				4E1DE3132A0A7FE200CFC5E9 /* Release */,
			);
			defaultConfigurationIsVisible = 0;
			defaultConfigurationName = Release;
		};
		4E1DE3142A0A7FE200CFC5E9 /* Build configuration list for PBXNativeTarget "peerTests" */ = {
			isa = XCConfigurationList;
			buildConfigurations = (
				4E1DE3152A0A7FE200CFC5E9 /* Debug */,
				4E1DE3162A0A7FE200CFC5E9 /* Release */,
			);
			defaultConfigurationIsVisible = 0;
			defaultConfigurationName = Release;
		};
		4E1DE3172A0A7FE200CFC5E9 /* Build configuration list for PBXNativeTarget "peerUITests" */ = {
			isa = XCConfigurationList;
			buildConfigurations = (
				4E1DE3182A0A7FE200CFC5E9 /* Debug */,
				4E1DE3192A0A7FE200CFC5E9 /* Release */,
			);
			defaultConfigurationIsVisible = 0;
			defaultConfigurationName = Release;
		};
/* End XCConfigurationList section */
	};
	rootObject = 4E1DE2E42A0A7FDC00CFC5E9 /* Project object */;
}
